
Microsoft Visual Studio Solution File, Format Version 12.00
# Visual Studio 15
Project("{FAE04EC0-301F-11D3-BF4B-00C04F79EFBC}") = "Grades", "Grades\Grades.csproj", "{EE315752-62B0-4938-997F-76D7DDCDCB39}"
EndProject
Project("{FAE04EC0-301F-11D3-BF4B-00C04F79EFBC}") = "GradesTest", "GradesTest\GradesTest.csproj", "{CA196C82-AC92-4FBE-B02C-3AD16B86C727}"
EndProject
Global
	GlobalSection(SolutionConfigurationPlatforms) = preSolution
		Debug|x86 = Debug|x86
		Release|x86 = Release|x86
	EndGlobalSection
	GlobalSection(ProjectConfigurationPlatforms) = postSolution
		{EE315752-62B0-4938-997F-76D7DDCDCB39}.Debug|x86.ActiveCfg = Debug|Any CPU
		{EE315752-62B0-4938-997F-76D7DDCDCB39}.Debug|x86.Build.0 = Debug|Any CPU
		{EE315752-62B0-4938-997F-76D7DDCDCB39}.Release|x86.ActiveCfg = Release|Any CPU
		{EE315752-62B0-4938-997F-76D7DDCDCB39}.Release|x86.Build.0 = Release|Any CPU
		{CA196C82-AC92-4FBE-B02C-3AD16B86C727}.Debug|x86.ActiveCfg = Debug|Any CPU
		{CA196C82-AC92-4FBE-B02C-3AD16B86C727}.Debug|x86.Build.0 = Debug|Any CPU
		{CA196C82-AC92-4FBE-B02C-3AD16B86C727}.Release|x86.ActiveCfg = Release|Any CPU
		{CA196C82-AC92-4FBE-B02C-3AD16B86C727}.Release|x86.Build.0 = Release|Any CPU
	EndGlobalSection
	GlobalSection(MonoDevelopProperties) = preSolution
		Policies = $0
		$0.DotNetNamingPolicy = $1
		$1.DirectoryNamespaceAssociation = PrefixedHierarchical
		$0.TextStylePolicy = $2
		$2.inheritsSet = null
		$2.scope = text/x-csharp
		$0.CSharpFormattingPolicy = $3
		$3.scope = text/x-csharp
		$0.TextStylePolicy = $4
		$4.FileWidth = 80
		$4.TabsToSpaces = True
		$4.scope = text/plain
	EndGlobalSection
EndGlobal
